
Microsoft Visual Studio Solution File, Format Version 12.00
# Visual Studio Version 16
VisualStudioVersion = 16.0.31321.278
MinimumVisualStudioVersion = 10.0.40219.1
Project("{FAE04EC0-301F-11D3-BF4B-00C04F79EFBC}") = "shapes", "shapes\shapes.csproj", "{198588C5-3159-4199-BE4C-C22E9D98D183}"
EndProject
Project("{FAE04EC0-301F-11D3-BF4B-00C04F79EFBC}") = "shapesApp", "shapesApp\shapesApp.csproj", "{6ACEC38D-0255-4E98-A1A4-561999609F29}"
EndProject
Project("{FAE04EC0-301F-11D3-BF4B-00C04F79EFBC}") = "ShapesTests", "ShapesTests\ShapesTests.csproj", "{390BDBA2-2F1C-4A7B-8F22-A17175824F09}"
EndProject
Global
	GlobalSection(SolutionConfigurationPlatforms) = preSolution
		Debug|Any CPU = Debug|Any CPU
		Release|Any CPU = Release|Any CPU
	EndGlobalSection
	GlobalSection(ProjectConfigurationPlatforms) = postSolution
		{198588C5-3159-4199-BE4C-C22E9D98D183}.Debug|Any CPU.ActiveCfg = Debug|Any CPU
		{198588C5-3159-4199-BE4C-C22E9D98D183}.Debug|Any CPU.Build.0 = Debug|Any CPU
		{198588C5-3159-4199-BE4C-C22E9D98D183}.Release|Any CPU.ActiveCfg = Release|Any CPU
		{198588C5-3159-4199-BE4C-C22E9D98D183}.Release|Any CPU.Build.0 = Release|Any CPU
		{6ACEC38D-0255-4E98-A1A4-561999609F29}.Debug|Any CPU.ActiveCfg = Debug|Any CPU
		{6ACEC38D-0255-4E98-A1A4-561999609F29}.Debug|Any CPU.Build.0 = Debug|Any CPU
		{6ACEC38D-0255-4E98-A1A4-561999609F29}.Release|Any CPU.ActiveCfg = Release|Any CPU
		{6ACEC38D-0255-4E98-A1A4-561999609F29}.Release|Any CPU.Build.0 = Release|Any CPU
		{390BDBA2-2F1C-4A7B-8F22-A17175824F09}.Debug|Any CPU.ActiveCfg = Debug|Any CPU
		{390BDBA2-2F1C-4A7B-8F22-A17175824F09}.Debug|Any CPU.Build.0 = Debug|Any CPU
		{390BDBA2-2F1C-4A7B-8F22-A17175824F09}.Release|Any CPU.ActiveCfg = Release|Any CPU
		{390BDBA2-2F1C-4A7B-8F22-A17175824F09}.Release|Any CPU.Build.0 = Release|Any CPU
	EndGlobalSection
	GlobalSection(SolutionProperties) = preSolution
		HideSolutionNode = FALSE
	EndGlobalSection
	GlobalSection(ExtensibilityGlobals) = postSolution
		SolutionGuid = {4EC53B34-5C53-46A6-8B2F-A6BD2EDD2583}
	EndGlobalSection
EndGlobal
